
Microsoft Visual Studio Solution File, Format Version 12.00
# Visual Studio 15
VisualStudioVersion = 15.0.27703.2026
MinimumVisualStudioVersion = 10.0.40219.1
Project("{FAE04EC0-301F-11D3-BF4B-00C04F79EFBC}") = "Entregable5", "Entregable5\Entregable5.csproj", "{32C28665-610B-45E6-BBF6-BC4D5035FF57}"
EndProject
Project("{FAE04EC0-301F-11D3-BF4B-00C04F79EFBC}") = "Entregable5Tests", "Entregable5Tests\Entregable5Tests.csproj", "{943D5D02-A0FB-4722-8724-C1997A226C2C}"
EndProject
Global
	GlobalSection(SolutionConfigurationPlatforms) = preSolution
		Debug|Any CPU = Debug|Any CPU
		Release|Any CPU = Release|Any CPU
	EndGlobalSection
	GlobalSection(ProjectConfigurationPlatforms) = postSolution
		{32C28665-610B-45E6-BBF6-BC4D5035FF57}.Debug|Any CPU.ActiveCfg = Debug|Any CPU
		{32C28665-610B-45E6-BBF6-BC4D5035FF57}.Debug|Any CPU.Build.0 = Debug|Any CPU
		{32C28665-610B-45E6-BBF6-BC4D5035FF57}.Release|Any CPU.ActiveCfg = Release|Any CPU
		{32C28665-610B-45E6-BBF6-BC4D5035FF57}.Release|Any CPU.Build.0 = Release|Any CPU
		{943D5D02-A0FB-4722-8724-C1997A226C2C}.Debug|Any CPU.ActiveCfg = Debug|Any CPU
		{943D5D02-A0FB-4722-8724-C1997A226C2C}.Debug|Any CPU.Build.0 = Debug|Any CPU
		{943D5D02-A0FB-4722-8724-C1997A226C2C}.Release|Any CPU.ActiveCfg = Release|Any CPU
		{943D5D02-A0FB-4722-8724-C1997A226C2C}.Release|Any CPU.Build.0 = Release|Any CPU
	EndGlobalSection
	GlobalSection(SolutionProperties) = preSolution
		HideSolutionNode = FALSE
	EndGlobalSection
	GlobalSection(ExtensibilityGlobals) = postSolution
		SolutionGuid = {C90FA1D1-20C0-49B4-8936-4378AC24B77E}
	EndGlobalSection
EndGlobal
